
Microsoft Visual Studio Solution File, Format Version 12.00
# Visual Studio Version 17
VisualStudioVersion = 17.13.35825.156 d17.13
MinimumVisualStudioVersion = 10.0.40219.1
Project("{FAE04EC0-301F-11D3-BF4B-00C04F79EFBC}") = "TelephoneDirectory.Api", "TelephoneDirectory.Api\TelephoneDirectory.Api.csproj", "{A55869B0-AC71-4F3F-8BCB-3F5D25FFDE17}"
EndProject
Project("{FAE04EC0-301F-11D3-BF4B-00C04F79EFBC}") = "TelephoneDirectory.Business", "TelephoneDirectory.Business\TelephoneDirectory.Business.csproj", "{ECB3CD27-EC8B-4996-A1A2-19C5A0129BF2}"
EndProject
Project("{FAE04EC0-301F-11D3-BF4B-00C04F79EFBC}") = "TelephoneDirectory.Core", "TelephoneDirectory.Core\TelephoneDirectory.Core.csproj", "{23C90F19-AA00-4A59-83B7-CB0D1A30EF9C}"
EndProject
Project("{FAE04EC0-301F-11D3-BF4B-00C04F79EFBC}") = "TelephoneDirectory.DataAccess", "TelephoneDirectory.DataAccess\TelephoneDirectory.DataAccess.csproj", "{BE7E76CD-DA71-4A20-B456-59D068845486}"
EndProject
Global
	GlobalSection(SolutionConfigurationPlatforms) = preSolution
		Debug|Any CPU = Debug|Any CPU
		Release|Any CPU = Release|Any CPU
	EndGlobalSection
	GlobalSection(ProjectConfigurationPlatforms) = postSolution
		{A55869B0-AC71-4F3F-8BCB-3F5D25FFDE17}.Debug|Any CPU.ActiveCfg = Debug|Any CPU
		{A55869B0-AC71-4F3F-8BCB-3F5D25FFDE17}.Debug|Any CPU.Build.0 = Debug|Any CPU
		{A55869B0-AC71-4F3F-8BCB-3F5D25FFDE17}.Release|Any CPU.ActiveCfg = Release|Any CPU
		{A55869B0-AC71-4F3F-8BCB-3F5D25FFDE17}.Release|Any CPU.Build.0 = Release|Any CPU
		{ECB3CD27-EC8B-4996-A1A2-19C5A0129BF2}.Debug|Any CPU.ActiveCfg = Debug|Any CPU
		{ECB3CD27-EC8B-4996-A1A2-19C5A0129BF2}.Debug|Any CPU.Build.0 = Debug|Any CPU
		{ECB3CD27-EC8B-4996-A1A2-19C5A0129BF2}.Release|Any CPU.ActiveCfg = Release|Any CPU
		{ECB3CD27-EC8B-4996-A1A2-19C5A0129BF2}.Release|Any CPU.Build.0 = Release|Any CPU
		{23C90F19-AA00-4A59-83B7-CB0D1A30EF9C}.Debug|Any CPU.ActiveCfg = Debug|Any CPU
		{23C90F19-AA00-4A59-83B7-CB0D1A30EF9C}.Debug|Any CPU.Build.0 = Debug|Any CPU
		{23C90F19-AA00-4A59-83B7-CB0D1A30EF9C}.Release|Any CPU.ActiveCfg = Release|Any CPU
		{23C90F19-AA00-4A59-83B7-CB0D1A30EF9C}.Release|Any CPU.Build.0 = Release|Any CPU
		{BE7E76CD-DA71-4A20-B456-59D068845486}.Debug|Any CPU.ActiveCfg = Debug|Any CPU
		{BE7E76CD-DA71-4A20-B456-59D068845486}.Debug|Any CPU.Build.0 = Debug|Any CPU
		{BE7E76CD-DA71-4A20-B456-59D068845486}.Release|Any CPU.ActiveCfg = Release|Any CPU
		{BE7E76CD-DA71-4A20-B456-59D068845486}.Release|Any CPU.Build.0 = Release|Any CPU
	EndGlobalSection
	GlobalSection(SolutionProperties) = preSolution
		HideSolutionNode = FALSE
	EndGlobalSection
	GlobalSection(ExtensibilityGlobals) = postSolution
		SolutionGuid = {7E77D7CE-A8C7-4D3E-8C0F-47AC5FFB1D02}
	EndGlobalSection
EndGlobal
